// !$*UTF8*$!
{
	archiveVersion = 1;
	classes = {
	};
	objectVersion = 46;
	objects = {

/* Begin PBXBuildFile section */
		1FDB0BDB1D23038B007544C3 /* OnboardingContentViewModel.swift in Sources */ = {isa = PBXBuildFile; fileRef = 1FDB0BDA1D23038B007544C3 /* OnboardingContentViewModel.swift */; };
		241198781D1B134100330D87 /* AppDelegate.swift in Sources */ = {isa = PBXBuildFile; fileRef = 241198681D1B134100330D87 /* AppDelegate.swift */; };
		2411987A1D1B134100330D87 /* LoginViewController.swift in Sources */ = {isa = PBXBuildFile; fileRef = 241198711D1B134100330D87 /* LoginViewController.swift */; };
		2411987B1D1B134100330D87 /* Assets.xcassets in Resources */ = {isa = PBXBuildFile; fileRef = 241198731D1B134100330D87 /* Assets.xcassets */; };
		2411987C1D1B134100330D87 /* LaunchScreen.storyboard in Resources */ = {isa = PBXBuildFile; fileRef = 241198741D1B134100330D87 /* LaunchScreen.storyboard */; };
		2411987D1D1B134100330D87 /* Main.storyboard in Resources */ = {isa = PBXBuildFile; fileRef = 241198761D1B134100330D87 /* Main.storyboard */; };
		242514751C7E45CD00785AE6 /* DopplerMobileTests.swift in Sources */ = {isa = PBXBuildFile; fileRef = 242514741C7E45CD00785AE6 /* DopplerMobileTests.swift */; };
		2439F3191D343BBC00949C5D /* CampaignViewModel.swift in Sources */ = {isa = PBXBuildFile; fileRef = 2439F3181D343BBC00949C5D /* CampaignViewModel.swift */; };
		2439F31B1D352BD500949C5D /* SentCampaignsTableViewCell.swift in Sources */ = {isa = PBXBuildFile; fileRef = 2439F31A1D352BD500949C5D /* SentCampaignsTableViewCell.swift */; };
		249ECB6E1D3D56B300F18E74 /* DashboardViewController.swift in Sources */ = {isa = PBXBuildFile; fileRef = 249ECB6D1D3D56B300F18E74 /* DashboardViewController.swift */; };
		249ECB701D3E795800F18E74 /* SentCampaignsViewDataSource.swift in Sources */ = {isa = PBXBuildFile; fileRef = 249ECB6F1D3E795800F18E74 /* SentCampaignsViewDataSource.swift */; };
		24F0FB6F1D1B2D5C00360346 /* User.swift in Sources */ = {isa = PBXBuildFile; fileRef = 24F0FB6E1D1B2D5C00360346 /* User.swift */; };
		24F0FB731D1C109E00360346 /* LoginViewModel.swift in Sources */ = {isa = PBXBuildFile; fileRef = 24F0FB721D1C109E00360346 /* LoginViewModel.swift */; };
		24FD44A31D22EBCB003E35A4 /* NavigationDelegate.swift in Sources */ = {isa = PBXBuildFile; fileRef = 24FD44A21D22EBCB003E35A4 /* NavigationDelegate.swift */; };
		24FD44A91D244E12003E35A4 /* Command.swift in Sources */ = {isa = PBXBuildFile; fileRef = 24FD44A81D244E12003E35A4 /* Command.swift */; };
		24FD44B01D245DC3003E35A4 /* SimpleCommand.swift in Sources */ = {isa = PBXBuildFile; fileRef = 24FD44AF1D245DC3003E35A4 /* SimpleCommand.swift */; };
		2B68BE5A1D4FD3FC0086C4D3 /* UserDefaultKey.swift in Sources */ = {isa = PBXBuildFile; fileRef = 2B68BE591D4FD3FC0086C4D3 /* UserDefaultKey.swift */; };
		2B703F1B1D3D304E00A19E36 /* String.swift in Sources */ = {isa = PBXBuildFile; fileRef = 2B703F1A1D3D304E00A19E36 /* String.swift */; };
		2B703F1D1D3D51D900A19E36 /* Optional.swift in Sources */ = {isa = PBXBuildFile; fileRef = 2B703F1C1D3D51D900A19E36 /* Optional.swift */; };
		2B703F1F1D3D521E00A19E36 /* StringType.swift in Sources */ = {isa = PBXBuildFile; fileRef = 2B703F1E1D3D521E00A19E36 /* StringType.swift */; };
		2BC6EF4F1D370A88009F5A0B /* ScheduledCampaignsViewController.swift in Sources */ = {isa = PBXBuildFile; fileRef = 2BC6EF4E1D370A88009F5A0B /* ScheduledCampaignsViewController.swift */; };
		2BC6EF531D370B7A009F5A0B /* CampaignsListViewController.swift in Sources */ = {isa = PBXBuildFile; fileRef = 2BC6EF521D370B7A009F5A0B /* CampaignsListViewController.swift */; };
		2BD83BAB1D41590C00A5C527 /* OnboardingContentViewControllerDelegate.swift in Sources */ = {isa = PBXBuildFile; fileRef = 2BD83BAA1D41590C00A5C527 /* OnboardingContentViewControllerDelegate.swift */; };
		2BD83BB01D42762200A5C527 /* SegueIdentifier.swift in Sources */ = {isa = PBXBuildFile; fileRef = 2BD83BAF1D42762200A5C527 /* SegueIdentifier.swift */; };
		9C48461C1D3FBB81003032D5 /* StringExtension.swift in Sources */ = {isa = PBXBuildFile; fileRef = 1F0339E71D3EBB45006EDBD1 /* StringExtension.swift */; };
		9C48461D1D3FBBC0003032D5 /* Localizable.strings in Resources */ = {isa = PBXBuildFile; fileRef = 1F0339E01D3EBAE1006EDBD1 /* Localizable.strings */; };
		9C5AA8A01D3963F5002021CC /* Localizable.strings in Resources */ = {isa = PBXBuildFile; fileRef = 9C5AA8A21D3963F5002021CC /* Localizable.strings */; };
		9CB9DEFA1D1B1E1100DAED48 /* OnboardingContentViewController.swift in Sources */ = {isa = PBXBuildFile; fileRef = 9CB9DEF91D1B1E1100DAED48 /* OnboardingContentViewController.swift */; };
		9CB9DEFC1D1C150100DAED48 /* OnboardingViewController.swift in Sources */ = {isa = PBXBuildFile; fileRef = 9CB9DEFB1D1C150100DAED48 /* OnboardingViewController.swift */; };
		9CD2FC6A1D2445E800D4C9F8 /* LoginService.swift in Sources */ = {isa = PBXBuildFile; fileRef = 9CD2FC691D2445E800D4C9F8 /* LoginService.swift */; };
		A8EF46D91D26C218000882A3 /* MSButton.swift in Sources */ = {isa = PBXBuildFile; fileRef = A8EF46D81D26C218000882A3 /* MSButton.swift */; };
		C22695701D4297D000059959 /* OnboardingViewDataSource.swift in Sources */ = {isa = PBXBuildFile; fileRef = C226956F1D4297D000059959 /* OnboardingViewDataSource.swift */; };
/* End PBXBuildFile section */

/* Begin PBXContainerItemProxy section */
		242514711C7E45CD00785AE6 /* PBXContainerItemProxy */ = {
			isa = PBXContainerItemProxy;
			containerPortal = 242514541C7E45CD00785AE6 /* Project object */;
			proxyType = 1;
			remoteGlobalIDString = 2425145B1C7E45CD00785AE6;
			remoteInfo = DopplerMobile;
		};
/* End PBXContainerItemProxy section */

/* Begin PBXFileReference section */
		1F0339E11D3EBAE1006EDBD1 /* en */ = {isa = PBXFileReference; lastKnownFileType = text.plist.strings; name = en; path = en.lproj/Localizable.strings; sourceTree = "<group>"; };
		1F0339E21D3EBAE1006EDBD1 /* es-MX */ = {isa = PBXFileReference; lastKnownFileType = text.plist.strings; name = "es-MX"; path = "es-MX.lproj/Localizable.strings"; sourceTree = "<group>"; };
		1F0339E71D3EBB45006EDBD1 /* StringExtension.swift */ = {isa = PBXFileReference; fileEncoding = 4; lastKnownFileType = sourcecode.swift; name = StringExtension.swift; path = Extensions/StringExtension.swift; sourceTree = "<group>"; };
		1FDB0BDA1D23038B007544C3 /* OnboardingContentViewModel.swift */ = {isa = PBXFileReference; fileEncoding = 4; lastKnownFileType = sourcecode.swift; path = OnboardingContentViewModel.swift; sourceTree = "<group>"; };
		241198681D1B134100330D87 /* AppDelegate.swift */ = {isa = PBXFileReference; fileEncoding = 4; lastKnownFileType = sourcecode.swift; name = AppDelegate.swift; path = Application/AppDelegate.swift; sourceTree = "<group>"; };
		2411986D1D1B134100330D87 /* Info.plist */ = {isa = PBXFileReference; fileEncoding = 4; lastKnownFileType = text.plist.xml; path = Info.plist; sourceTree = "<group>"; };
		241198711D1B134100330D87 /* LoginViewController.swift */ = {isa = PBXFileReference; fileEncoding = 4; lastKnownFileType = sourcecode.swift; path = LoginViewController.swift; sourceTree = "<group>"; };
		241198731D1B134100330D87 /* Assets.xcassets */ = {isa = PBXFileReference; lastKnownFileType = folder.assetcatalog; path = Assets.xcassets; sourceTree = "<group>"; };
		241198751D1B134100330D87 /* Base */ = {isa = PBXFileReference; lastKnownFileType = file.storyboard; name = Base; path = Base.lproj/LaunchScreen.storyboard; sourceTree = "<group>"; };
		241198771D1B134100330D87 /* Base */ = {isa = PBXFileReference; lastKnownFileType = file.storyboard; name = Base; path = Base.lproj/Main.storyboard; sourceTree = "<group>"; };
		2425145C1C7E45CD00785AE6 /* DopplerMobile.app */ = {isa = PBXFileReference; explicitFileType = wrapper.application; includeInIndex = 0; path = DopplerMobile.app; sourceTree = BUILT_PRODUCTS_DIR; };
		242514701C7E45CD00785AE6 /* DopplerMobileTests.xctest */ = {isa = PBXFileReference; explicitFileType = wrapper.cfbundle; includeInIndex = 0; path = DopplerMobileTests.xctest; sourceTree = BUILT_PRODUCTS_DIR; };
		242514741C7E45CD00785AE6 /* DopplerMobileTests.swift */ = {isa = PBXFileReference; lastKnownFileType = sourcecode.swift; path = DopplerMobileTests.swift; sourceTree = "<group>"; };
		242514761C7E45CD00785AE6 /* Info.plist */ = {isa = PBXFileReference; lastKnownFileType = text.plist.xml; path = Info.plist; sourceTree = "<group>"; };
		2439F3181D343BBC00949C5D /* CampaignViewModel.swift */ = {isa = PBXFileReference; fileEncoding = 4; lastKnownFileType = sourcecode.swift; path = CampaignViewModel.swift; sourceTree = "<group>"; };
		2439F31A1D352BD500949C5D /* SentCampaignsTableViewCell.swift */ = {isa = PBXFileReference; fileEncoding = 4; lastKnownFileType = sourcecode.swift; name = SentCampaignsTableViewCell.swift; path = ../Views/SentCampaignsTableViewCell.swift; sourceTree = "<group>"; };
		249ECB6D1D3D56B300F18E74 /* DashboardViewController.swift */ = {isa = PBXFileReference; fileEncoding = 4; lastKnownFileType = sourcecode.swift; path = DashboardViewController.swift; sourceTree = "<group>"; };
		249ECB6F1D3E795800F18E74 /* SentCampaignsViewDataSource.swift */ = {isa = PBXFileReference; fileEncoding = 4; lastKnownFileType = sourcecode.swift; path = SentCampaignsViewDataSource.swift; sourceTree = "<group>"; };
		24F0FB6E1D1B2D5C00360346 /* User.swift */ = {isa = PBXFileReference; fileEncoding = 4; lastKnownFileType = sourcecode.swift; path = User.swift; sourceTree = "<group>"; };
		24F0FB721D1C109E00360346 /* LoginViewModel.swift */ = {isa = PBXFileReference; fileEncoding = 4; lastKnownFileType = sourcecode.swift; path = LoginViewModel.swift; sourceTree = "<group>"; };
		24FD44A21D22EBCB003E35A4 /* NavigationDelegate.swift */ = {isa = PBXFileReference; fileEncoding = 4; lastKnownFileType = sourcecode.swift; path = NavigationDelegate.swift; sourceTree = "<group>"; };
		24FD44A81D244E12003E35A4 /* Command.swift */ = {isa = PBXFileReference; fileEncoding = 4; lastKnownFileType = sourcecode.swift; path = Command.swift; sourceTree = "<group>"; };
		24FD44AF1D245DC3003E35A4 /* SimpleCommand.swift */ = {isa = PBXFileReference; fileEncoding = 4; lastKnownFileType = sourcecode.swift; path = SimpleCommand.swift; sourceTree = "<group>"; };
		2B0EFD5C1D4855E600D5E42F /* es-MX */ = {isa = PBXFileReference; lastKnownFileType = text.plist.strings; name = "es-MX"; path = "es-MX.lproj/Main.strings"; sourceTree = "<group>"; };
		2B68BE591D4FD3FC0086C4D3 /* UserDefaultKey.swift */ = {isa = PBXFileReference; fileEncoding = 4; lastKnownFileType = sourcecode.swift; path = UserDefaultKey.swift; sourceTree = "<group>"; };
		2B703F1A1D3D304E00A19E36 /* String.swift */ = {isa = PBXFileReference; fileEncoding = 4; lastKnownFileType = sourcecode.swift; path = String.swift; sourceTree = "<group>"; };
		2B703F1C1D3D51D900A19E36 /* Optional.swift */ = {isa = PBXFileReference; fileEncoding = 4; lastKnownFileType = sourcecode.swift; path = Optional.swift; sourceTree = "<group>"; };
		2B703F1E1D3D521E00A19E36 /* StringType.swift */ = {isa = PBXFileReference; fileEncoding = 4; lastKnownFileType = sourcecode.swift; path = StringType.swift; sourceTree = "<group>"; };
		2BC6EF4E1D370A88009F5A0B /* ScheduledCampaignsViewController.swift */ = {isa = PBXFileReference; fileEncoding = 4; lastKnownFileType = sourcecode.swift; path = ScheduledCampaignsViewController.swift; sourceTree = "<group>"; };
		2BC6EF521D370B7A009F5A0B /* CampaignsListViewController.swift */ = {isa = PBXFileReference; fileEncoding = 4; lastKnownFileType = sourcecode.swift; path = CampaignsListViewController.swift; sourceTree = "<group>"; };
		2BD83BAA1D41590C00A5C527 /* OnboardingContentViewControllerDelegate.swift */ = {isa = PBXFileReference; fileEncoding = 4; lastKnownFileType = sourcecode.swift; path = OnboardingContentViewControllerDelegate.swift; sourceTree = "<group>"; };
		2BD83BAF1D42762200A5C527 /* SegueIdentifier.swift */ = {isa = PBXFileReference; fileEncoding = 4; lastKnownFileType = sourcecode.swift; path = SegueIdentifier.swift; sourceTree = "<group>"; };
		9C5AA89B1D395F4E002021CC /* es-MX */ = {isa = PBXFileReference; lastKnownFileType = text.plist.strings; name = "es-MX"; path = "es-MX.lproj/LaunchScreen.strings"; sourceTree = "<group>"; };
		9CB9DEF91D1B1E1100DAED48 /* OnboardingContentViewController.swift */ = {isa = PBXFileReference; fileEncoding = 4; lastKnownFileType = sourcecode.swift; path = OnboardingContentViewController.swift; sourceTree = "<group>"; };
		9CB9DEFB1D1C150100DAED48 /* OnboardingViewController.swift */ = {isa = PBXFileReference; fileEncoding = 4; lastKnownFileType = sourcecode.swift; path = OnboardingViewController.swift; sourceTree = "<group>"; };
		9CD2FC691D2445E800D4C9F8 /* LoginService.swift */ = {isa = PBXFileReference; fileEncoding = 4; lastKnownFileType = sourcecode.swift; path = LoginService.swift; sourceTree = "<group>"; };
		A8EF46D81D26C218000882A3 /* MSButton.swift */ = {isa = PBXFileReference; fileEncoding = 4; lastKnownFileType = sourcecode.swift; path = MSButton.swift; sourceTree = "<group>"; };
		C226956F1D4297D000059959 /* OnboardingViewDataSource.swift */ = {isa = PBXFileReference; fileEncoding = 4; lastKnownFileType = sourcecode.swift; path = OnboardingViewDataSource.swift; sourceTree = "<group>"; };
/* End PBXFileReference section */

/* Begin PBXFrameworksBuildPhase section */
		242514591C7E45CD00785AE6 /* Frameworks */ = {
			isa = PBXFrameworksBuildPhase;
			buildActionMask = 2147483647;
			files = (
			);
			runOnlyForDeploymentPostprocessing = 0;
		};
		2425146D1C7E45CD00785AE6 /* Frameworks */ = {
			isa = PBXFrameworksBuildPhase;
			buildActionMask = 2147483647;
			files = (
			);
			runOnlyForDeploymentPostprocessing = 0;
		};
/* End PBXFrameworksBuildPhase section */

/* Begin PBXGroup section */
		1F0339DF1D3EBAE1006EDBD1 /* Content */ = {
			isa = PBXGroup;
			children = (
				1F0339E01D3EBAE1006EDBD1 /* Localizable.strings */,
			);
			path = Content;
			sourceTree = "<group>";
		};
		1F0339E61D3EBB2A006EDBD1 /* Extensions */ = {
			isa = PBXGroup;
			children = (
				1F0339E71D3EBB45006EDBD1 /* StringExtension.swift */,
			);
			name = Extensions;
			sourceTree = "<group>";
		};
		241198661D1B134100330D87 /* DopplerMobile */ = {
			isa = PBXGroup;
			children = (
				2411986F1D1B134100330D87 /* Interface */,
				241198671D1B134100330D87 /* Application */,
				241198681D1B134100330D87 /* AppDelegate.swift */,
				2411986A1D1B134100330D87 /* Domain */,
				2411986E1D1B134100330D87 /* Infrastructure */,
				2411986D1D1B134100330D87 /* Info.plist */,
			);
			path = DopplerMobile;
			sourceTree = "<group>";
		};
		241198671D1B134100330D87 /* Application */ = {
			isa = PBXGroup;
			children = (
				2BD83BAE1D42741C00A5C527 /* Enums */,
				1F0339E61D3EBB2A006EDBD1 /* Extensions */,
				1F0339DF1D3EBAE1006EDBD1 /* Content */,
				241198691D1B134100330D87 /* ViewModels */,
			);
			path = Application;
			sourceTree = "<group>";
		};
		241198691D1B134100330D87 /* ViewModels */ = {
			isa = PBXGroup;
			children = (
				24F0FB721D1C109E00360346 /* LoginViewModel.swift */,
				2439F3181D343BBC00949C5D /* CampaignViewModel.swift */,
				1FDB0BDA1D23038B007544C3 /* OnboardingContentViewModel.swift */,
			);
			path = ViewModels;
			sourceTree = "<group>";
		};
		2411986A1D1B134100330D87 /* Domain */ = {
			isa = PBXGroup;
			children = (
				2411986B1D1B134100330D87 /* Models */,
				2411986C1D1B134100330D87 /* Services */,
			);
			path = Domain;
			sourceTree = "<group>";
		};
		2411986B1D1B134100330D87 /* Models */ = {
			isa = PBXGroup;
			children = (
				24F0FB6E1D1B2D5C00360346 /* User.swift */,
			);
			path = Models;
			sourceTree = "<group>";
		};
		2411986C1D1B134100330D87 /* Services */ = {
			isa = PBXGroup;
			children = (
				9CD2FC691D2445E800D4C9F8 /* LoginService.swift */,
			);
			path = Services;
			sourceTree = "<group>";
		};
		2411986E1D1B134100330D87 /* Infrastructure */ = {
			isa = PBXGroup;
			children = (
				2B703F191D3D2F4E00A19E36 /* Extensions */,
				24FD44A81D244E12003E35A4 /* Command.swift */,
				24FD44AF1D245DC3003E35A4 /* SimpleCommand.swift */,
			);
			path = Infrastructure;
			sourceTree = "<group>";
		};
		2411986F1D1B134100330D87 /* Interface */ = {
			isa = PBXGroup;
			children = (
				24F0FB741D1D6C1800360346 /* Protocols */,
				241198701D1B134100330D87 /* ViewControllers */,
				241198721D1B134100330D87 /* Views */,
			);
			path = Interface;
			sourceTree = "<group>";
		};
		241198701D1B134100330D87 /* ViewControllers */ = {
			isa = PBXGroup;
			children = (
				241198711D1B134100330D87 /* LoginViewController.swift */,
				9CB9DEF91D1B1E1100DAED48 /* OnboardingContentViewController.swift */,
				9CB9DEFB1D1C150100DAED48 /* OnboardingViewController.swift */,
				2BC6EF4E1D370A88009F5A0B /* ScheduledCampaignsViewController.swift */,
				2BC6EF521D370B7A009F5A0B /* CampaignsListViewController.swift */,
				249ECB6D1D3D56B300F18E74 /* DashboardViewController.swift */,
				249ECB6F1D3E795800F18E74 /* SentCampaignsViewDataSource.swift */,
				2439F31A1D352BD500949C5D /* SentCampaignsTableViewCell.swift */,
				C226956F1D4297D000059959 /* OnboardingViewDataSource.swift */,
			);
			path = ViewControllers;
			sourceTree = "<group>";
		};
		241198721D1B134100330D87 /* Views */ = {
			isa = PBXGroup;
			children = (
				241198731D1B134100330D87 /* Assets.xcassets */,
				241198741D1B134100330D87 /* LaunchScreen.storyboard */,
				241198761D1B134100330D87 /* Main.storyboard */,
			);
			path = Views;
			sourceTree = "<group>";
		};
		242514531C7E45CD00785AE6 = {
			isa = PBXGroup;
			children = (
				241198661D1B134100330D87 /* DopplerMobile */,
				A8EF46D71D26C1DC000882A3 /* MSComponents */,
				242514731C7E45CD00785AE6 /* DopplerMobileTests */,
				2425145D1C7E45CD00785AE6 /* Products */,
			);
			sourceTree = "<group>";
		};
		2425145D1C7E45CD00785AE6 /* Products */ = {
			isa = PBXGroup;
			children = (
				2425145C1C7E45CD00785AE6 /* DopplerMobile.app */,
				242514701C7E45CD00785AE6 /* DopplerMobileTests.xctest */,
			);
			name = Products;
			sourceTree = "<group>";
		};
		242514731C7E45CD00785AE6 /* DopplerMobileTests */ = {
			isa = PBXGroup;
			children = (
				242514741C7E45CD00785AE6 /* DopplerMobileTests.swift */,
				242514761C7E45CD00785AE6 /* Info.plist */,
			);
			path = DopplerMobileTests;
			sourceTree = "<group>";
		};
		24F0FB741D1D6C1800360346 /* Protocols */ = {
			isa = PBXGroup;
			children = (
				24FD44A21D22EBCB003E35A4 /* NavigationDelegate.swift */,
				2BD83BAA1D41590C00A5C527 /* OnboardingContentViewControllerDelegate.swift */,
			);
			path = Protocols;
			sourceTree = "<group>";
		};
		2B703F191D3D2F4E00A19E36 /* Extensions */ = {
			isa = PBXGroup;
			children = (
				2B703F1A1D3D304E00A19E36 /* String.swift */,
				2B703F1C1D3D51D900A19E36 /* Optional.swift */,
				2B703F1E1D3D521E00A19E36 /* StringType.swift */,
			);
			name = Extensions;
			sourceTree = "<group>";
		};
		2BD83BAE1D42741C00A5C527 /* Enums */ = {
			isa = PBXGroup;
			children = (
				2BD83BAF1D42762200A5C527 /* SegueIdentifier.swift */,
				2B68BE591D4FD3FC0086C4D3 /* UserDefaultKey.swift */,
			);
			name = Enums;
			sourceTree = "<group>";
		};
		A8EF46D71D26C1DC000882A3 /* MSComponents */ = {
			isa = PBXGroup;
			children = (
				A8EF46D81D26C218000882A3 /* MSButton.swift */,
			);
			name = MSComponents;
			path = DopplerMobile/MSComponents;
			sourceTree = "<group>";
		};
/* End PBXGroup section */

/* Begin PBXNativeTarget section */
		2425145B1C7E45CD00785AE6 /* DopplerMobile */ = {
			isa = PBXNativeTarget;
			buildConfigurationList = 242514791C7E45CD00785AE6 /* Build configuration list for PBXNativeTarget "DopplerMobile" */;
			buildPhases = (
				242514581C7E45CD00785AE6 /* Sources */,
				242514591C7E45CD00785AE6 /* Frameworks */,
				2425145A1C7E45CD00785AE6 /* Resources */,
			);
			buildRules = (
			);
			dependencies = (
			);
			name = DopplerMobile;
			productName = DopplerMobile;
			productReference = 2425145C1C7E45CD00785AE6 /* DopplerMobile.app */;
			productType = "com.apple.product-type.application";
		};
		2425146F1C7E45CD00785AE6 /* DopplerMobileTests */ = {
			isa = PBXNativeTarget;
			buildConfigurationList = 2425147C1C7E45CD00785AE6 /* Build configuration list for PBXNativeTarget "DopplerMobileTests" */;
			buildPhases = (
				2425146C1C7E45CD00785AE6 /* Sources */,
				2425146D1C7E45CD00785AE6 /* Frameworks */,
				2425146E1C7E45CD00785AE6 /* Resources */,
			);
			buildRules = (
			);
			dependencies = (
				242514721C7E45CD00785AE6 /* PBXTargetDependency */,
			);
			name = DopplerMobileTests;
			productName = DopplerMobileTests;
			productReference = 242514701C7E45CD00785AE6 /* DopplerMobileTests.xctest */;
			productType = "com.apple.product-type.bundle.unit-test";
		};
/* End PBXNativeTarget section */

/* Begin PBXProject section */
		242514541C7E45CD00785AE6 /* Project object */ = {
			isa = PBXProject;
			attributes = {
				LastSwiftUpdateCheck = 0720;
				LastUpgradeCheck = 0720;
				ORGANIZATIONNAME = "Making Sense";
				TargetAttributes = {
					2425145B1C7E45CD00785AE6 = {
						CreatedOnToolsVersion = 7.2;
						DevelopmentTeam = KPBE96QS22;
					};
					2425146F1C7E45CD00785AE6 = {
						CreatedOnToolsVersion = 7.2;
						TestTargetID = 2425145B1C7E45CD00785AE6;
					};
				};
			};
			buildConfigurationList = 242514571C7E45CD00785AE6 /* Build configuration list for PBXProject "DopplerMobile" */;
			compatibilityVersion = "Xcode 3.2";
			developmentRegion = English;
			hasScannedForEncodings = 0;
			knownRegions = (
				en,
				Base,
				"es-MX",
			);
			mainGroup = 242514531C7E45CD00785AE6;
			productRefGroup = 2425145D1C7E45CD00785AE6 /* Products */;
			projectDirPath = "";
			projectRoot = "";
			targets = (
				2425145B1C7E45CD00785AE6 /* DopplerMobile */,
				2425146F1C7E45CD00785AE6 /* DopplerMobileTests */,
			);
		};
/* End PBXProject section */

/* Begin PBXResourcesBuildPhase section */
		2425145A1C7E45CD00785AE6 /* Resources */ = {
			isa = PBXResourcesBuildPhase;
			buildActionMask = 2147483647;
			files = (
				9C5AA8A01D3963F5002021CC /* Localizable.strings in Resources */,
				9C48461D1D3FBBC0003032D5 /* Localizable.strings in Resources */,
				2411987C1D1B134100330D87 /* LaunchScreen.storyboard in Resources */,
				2411987B1D1B134100330D87 /* Assets.xcassets in Resources */,
				2411987D1D1B134100330D87 /* Main.storyboard in Resources */,
			);
			runOnlyForDeploymentPostprocessing = 0;
		};
		2425146E1C7E45CD00785AE6 /* Resources */ = {
			isa = PBXResourcesBuildPhase;
			buildActionMask = 2147483647;
			files = (
			);
			runOnlyForDeploymentPostprocessing = 0;
		};
/* End PBXResourcesBuildPhase section */

/* Begin PBXSourcesBuildPhase section */
		242514581C7E45CD00785AE6 /* Sources */ = {
			isa = PBXSourcesBuildPhase;
			buildActionMask = 2147483647;
			files = (
				2BD83BAB1D41590C00A5C527 /* OnboardingContentViewControllerDelegate.swift in Sources */,
				24F0FB731D1C109E00360346 /* LoginViewModel.swift in Sources */,
				2B703F1B1D3D304E00A19E36 /* String.swift in Sources */,
				2411987A1D1B134100330D87 /* LoginViewController.swift in Sources */,
				9CB9DEFA1D1B1E1100DAED48 /* OnboardingContentViewController.swift in Sources */,
				1FDB0BDB1D23038B007544C3 /* OnboardingContentViewModel.swift in Sources */,
				241198781D1B134100330D87 /* AppDelegate.swift in Sources */,
				C22695701D4297D000059959 /* OnboardingViewDataSource.swift in Sources */,
				24FD44A31D22EBCB003E35A4 /* NavigationDelegate.swift in Sources */,
				2439F31B1D352BD500949C5D /* SentCampaignsTableViewCell.swift in Sources */,
				24FD44A91D244E12003E35A4 /* Command.swift in Sources */,
				249ECB6E1D3D56B300F18E74 /* DashboardViewController.swift in Sources */,
				24FD44B01D245DC3003E35A4 /* SimpleCommand.swift in Sources */,
				9CD2FC6A1D2445E800D4C9F8 /* LoginService.swift in Sources */,
				24F0FB6F1D1B2D5C00360346 /* User.swift in Sources */,
				9C48461C1D3FBB81003032D5 /* StringExtension.swift in Sources */,
				2B68BE5A1D4FD3FC0086C4D3 /* UserDefaultKey.swift in Sources */,
				2B703F1F1D3D521E00A19E36 /* StringType.swift in Sources */,
				2BD83BB01D42762200A5C527 /* SegueIdentifier.swift in Sources */,
				9CB9DEFC1D1C150100DAED48 /* OnboardingViewController.swift in Sources */,
				2B703F1D1D3D51D900A19E36 /* Optional.swift in Sources */,
				A8EF46D91D26C218000882A3 /* MSButton.swift in Sources */,
				2BC6EF531D370B7A009F5A0B /* CampaignsListViewController.swift in Sources */,
				2439F3191D343BBC00949C5D /* CampaignViewModel.swift in Sources */,
				249ECB701D3E795800F18E74 /* SentCampaignsViewDataSource.swift in Sources */,
				2BC6EF4F1D370A88009F5A0B /* ScheduledCampaignsViewController.swift in Sources */,
			);
			runOnlyForDeploymentPostprocessing = 0;
		};
		2425146C1C7E45CD00785AE6 /* Sources */ = {
			isa = PBXSourcesBuildPhase;
			buildActionMask = 2147483647;
			files = (
				242514751C7E45CD00785AE6 /* DopplerMobileTests.swift in Sources */,
			);
			runOnlyForDeploymentPostprocessing = 0;
		};
/* End PBXSourcesBuildPhase section */

/* Begin PBXTargetDependency section */
		242514721C7E45CD00785AE6 /* PBXTargetDependency */ = {
			isa = PBXTargetDependency;
			target = 2425145B1C7E45CD00785AE6 /* DopplerMobile */;
			targetProxy = 242514711C7E45CD00785AE6 /* PBXContainerItemProxy */;
		};
/* End PBXTargetDependency section */

/* Begin PBXVariantGroup section */
		1F0339E01D3EBAE1006EDBD1 /* Localizable.strings */ = {
			isa = PBXVariantGroup;
			children = (
				1F0339E11D3EBAE1006EDBD1 /* en */,
				1F0339E21D3EBAE1006EDBD1 /* es-MX */,
			);
			name = Localizable.strings;
			sourceTree = "<group>";
		};
		241198741D1B134100330D87 /* LaunchScreen.storyboard */ = {
			isa = PBXVariantGroup;
			children = (
				241198751D1B134100330D87 /* Base */,
				9C5AA89B1D395F4E002021CC /* es-MX */,
			);
			name = LaunchScreen.storyboard;
			sourceTree = "<group>";
		};
		241198761D1B134100330D87 /* Main.storyboard */ = {
			isa = PBXVariantGroup;
			children = (
				241198771D1B134100330D87 /* Base */,
				2B0EFD5C1D4855E600D5E42F /* es-MX */,
			);
			name = Main.storyboard;
			sourceTree = "<group>";
		};
		9C5AA8A21D3963F5002021CC /* Localizable.strings */ = {
			isa = PBXVariantGroup;
			children = (
			);
			name = Localizable.strings;
			path = Content;
			sourceTree = "<group>";
		};
/* End PBXVariantGroup section */

/* Begin XCBuildConfiguration section */
		242514771C7E45CD00785AE6 /* Debug */ = {
			isa = XCBuildConfiguration;
			buildSettings = {
				ALWAYS_SEARCH_USER_PATHS = NO;
				CLANG_CXX_LANGUAGE_STANDARD = "gnu++0x";
				CLANG_CXX_LIBRARY = "libc++";
				CLANG_ENABLE_MODULES = YES;
				CLANG_ENABLE_OBJC_ARC = YES;
				CLANG_WARN_BOOL_CONVERSION = YES;
				CLANG_WARN_CONSTANT_CONVERSION = YES;
				CLANG_WARN_DIRECT_OBJC_ISA_USAGE = YES_ERROR;
				CLANG_WARN_EMPTY_BODY = YES;
				CLANG_WARN_ENUM_CONVERSION = YES;
				CLANG_WARN_INT_CONVERSION = YES;
				CLANG_WARN_OBJC_ROOT_CLASS = YES_ERROR;
				CLANG_WARN_UNREACHABLE_CODE = YES;
				CLANG_WARN__DUPLICATE_METHOD_MATCH = YES;
				"CODE_SIGN_IDENTITY[sdk=iphoneos*]" = "iPhone Developer";
				COPY_PHASE_STRIP = NO;
				DEBUG_INFORMATION_FORMAT = dwarf;
				ENABLE_STRICT_OBJC_MSGSEND = YES;
				ENABLE_TESTABILITY = YES;
				GCC_C_LANGUAGE_STANDARD = gnu99;
				GCC_DYNAMIC_NO_PIC = NO;
				GCC_NO_COMMON_BLOCKS = YES;
				GCC_OPTIMIZATION_LEVEL = 0;
				GCC_PREPROCESSOR_DEFINITIONS = (
					"DEBUG=1",
					"$(inherited)",
				);
				GCC_WARN_64_TO_32_BIT_CONVERSION = YES;
				GCC_WARN_ABOUT_RETURN_TYPE = YES_ERROR;
				GCC_WARN_UNDECLARED_SELECTOR = YES;
				GCC_WARN_UNINITIALIZED_AUTOS = YES_AGGRESSIVE;
				GCC_WARN_UNUSED_FUNCTION = YES;
				GCC_WARN_UNUSED_VARIABLE = YES;
				IPHONEOS_DEPLOYMENT_TARGET = 9.2;
				MTL_ENABLE_DEBUG_INFO = YES;
				ONLY_ACTIVE_ARCH = YES;
				SDKROOT = iphoneos;
				SWIFT_OPTIMIZATION_LEVEL = "-Onone";
				TARGETED_DEVICE_FAMILY = "1,2";
			};
			name = Debug;
		};
		242514781C7E45CD00785AE6 /* Release */ = {
			isa = XCBuildConfiguration;
			buildSettings = {
				ALWAYS_SEARCH_USER_PATHS = NO;
				CLANG_CXX_LANGUAGE_STANDARD = "gnu++0x";
				CLANG_CXX_LIBRARY = "libc++";
				CLANG_ENABLE_MODULES = YES;
				CLANG_ENABLE_OBJC_ARC = YES;
				CLANG_WARN_BOOL_CONVERSION = YES;
				CLANG_WARN_CONSTANT_CONVERSION = YES;
				CLANG_WARN_DIRECT_OBJC_ISA_USAGE = YES_ERROR;
				CLANG_WARN_EMPTY_BODY = YES;
				CLANG_WARN_ENUM_CONVERSION = YES;
				CLANG_WARN_INT_CONVERSION = YES;
				CLANG_WARN_OBJC_ROOT_CLASS = YES_ERROR;
				CLANG_WARN_UNREACHABLE_CODE = YES;
				CLANG_WARN__DUPLICATE_METHOD_MATCH = YES;
				"CODE_SIGN_IDENTITY[sdk=iphoneos*]" = "iPhone Developer";
				COPY_PHASE_STRIP = NO;
				DEBUG_INFORMATION_FORMAT = "dwarf-with-dsym";
				ENABLE_NS_ASSERTIONS = NO;
				ENABLE_STRICT_OBJC_MSGSEND = YES;
				GCC_C_LANGUAGE_STANDARD = gnu99;
				GCC_NO_COMMON_BLOCKS = YES;
				GCC_WARN_64_TO_32_BIT_CONVERSION = YES;
				GCC_WARN_ABOUT_RETURN_TYPE = YES_ERROR;
				GCC_WARN_UNDECLARED_SELECTOR = YES;
				GCC_WARN_UNINITIALIZED_AUTOS = YES_AGGRESSIVE;
				GCC_WARN_UNUSED_FUNCTION = YES;
				GCC_WARN_UNUSED_VARIABLE = YES;
				IPHONEOS_DEPLOYMENT_TARGET = 9.2;
				MTL_ENABLE_DEBUG_INFO = NO;
				SDKROOT = iphoneos;
				TARGETED_DEVICE_FAMILY = "1,2";
				VALIDATE_PRODUCT = YES;
			};
			name = Release;
		};
		2425147A1C7E45CD00785AE6 /* Debug */ = {
			isa = XCBuildConfiguration;
			buildSettings = {
				CODE_SIGN_IDENTITY = "iPhone Developer";
				"CODE_SIGN_IDENTITY[sdk=iphoneos*]" = "iPhone Developer";
				INFOPLIST_FILE = DopplerMobile/Info.plist;
				LD_RUNPATH_SEARCH_PATHS = "$(inherited) @executable_path/Frameworks";
				PRODUCT_BUNDLE_IDENTIFIER = com.makingsense.DopplerMobile;
				PRODUCT_NAME = "$(TARGET_NAME)";
				PROVISIONING_PROFILE = "";
			};
			name = Debug;
		};
		2425147B1C7E45CD00785AE6 /* Release */ = {
			isa = XCBuildConfiguration;
			buildSettings = {
				CODE_SIGN_IDENTITY = "iPhone Developer";
				"CODE_SIGN_IDENTITY[sdk=iphoneos*]" = "iPhone Developer";
				INFOPLIST_FILE = DopplerMobile/Info.plist;
				LD_RUNPATH_SEARCH_PATHS = "$(inherited) @executable_path/Frameworks";
				PRODUCT_BUNDLE_IDENTIFIER = com.makingsense.DopplerMobile;
				PRODUCT_NAME = "$(TARGET_NAME)";
				PROVISIONING_PROFILE = "";
			};
			name = Release;
		};
		2425147D1C7E45CD00785AE6 /* Debug */ = {
			isa = XCBuildConfiguration;
			buildSettings = {
				BUNDLE_LOADER = "$(TEST_HOST)";
				INFOPLIST_FILE = DopplerMobileTests/Info.plist;
				LD_RUNPATH_SEARCH_PATHS = "$(inherited) @executable_path/Frameworks @loader_path/Frameworks";
				PRODUCT_BUNDLE_IDENTIFIER = com.makingsense.DopplerMobileTests;
				PRODUCT_NAME = "$(TARGET_NAME)";
				TEST_HOST = "$(BUILT_PRODUCTS_DIR)/DopplerMobile.app/DopplerMobile";
			};
			name = Debug;
		};
		2425147E1C7E45CD00785AE6 /* Release */ = {
			isa = XCBuildConfiguration;
			buildSettings = {
				BUNDLE_LOADER = "$(TEST_HOST)";
				INFOPLIST_FILE = DopplerMobileTests/Info.plist;
				LD_RUNPATH_SEARCH_PATHS = "$(inherited) @executable_path/Frameworks @loader_path/Frameworks";
				PRODUCT_BUNDLE_IDENTIFIER = com.makingsense.DopplerMobileTests;
				PRODUCT_NAME = "$(TARGET_NAME)";
				TEST_HOST = "$(BUILT_PRODUCTS_DIR)/DopplerMobile.app/DopplerMobile";
			};
			name = Release;
		};
/* End XCBuildConfiguration section */

/* Begin XCConfigurationList section */
		242514571C7E45CD00785AE6 /* Build configuration list for PBXProject "DopplerMobile" */ = {
			isa = XCConfigurationList;
			buildConfigurations = (
				242514771C7E45CD00785AE6 /* Debug */,
				242514781C7E45CD00785AE6 /* Release */,
			);
			defaultConfigurationIsVisible = 0;
			defaultConfigurationName = Release;
		};
		242514791C7E45CD00785AE6 /* Build configuration list for PBXNativeTarget "DopplerMobile" */ = {
			isa = XCConfigurationList;
			buildConfigurations = (
				2425147A1C7E45CD00785AE6 /* Debug */,
				2425147B1C7E45CD00785AE6 /* Release */,
			);
			defaultConfigurationIsVisible = 0;
			defaultConfigurationName = Release;
		};
		2425147C1C7E45CD00785AE6 /* Build configuration list for PBXNativeTarget "DopplerMobileTests" */ = {
			isa = XCConfigurationList;
			buildConfigurations = (
				2425147D1C7E45CD00785AE6 /* Debug */,
				2425147E1C7E45CD00785AE6 /* Release */,
			);
			defaultConfigurationIsVisible = 0;
			defaultConfigurationName = Release;
		};
/* End XCConfigurationList section */
	};
	rootObject = 242514541C7E45CD00785AE6 /* Project object */;
}
