PODS:
  - Alamofire (4.4.0)
  - Bond (6.2.4):
    - Diff (~> 0.4)
    - ReactiveKit (~> 3.5.1)
  - Charts (3.0.2):
    - Charts/Core (= 3.0.2)
  - Charts/Core (3.0.2)
  - Crashlytics (3.8.4):
    - Fabric (~> 1.6.3)
  - Diff (0.5.3)
  - DLRadioButton (1.4.9)
  - Fabric (1.6.11)
  - IHKeyboardAvoiding (3.7)
  - KRProgressHUD (2.2.2)
  - PagingMenuController (2.2.0)
  - ReactiveKit (3.5.3)
  - SwiftyJSON (3.1.4)
  - SwiftyOnboard (1.3.3)
  - SwiftyUserDefaults (3.0.0)
  - TextFieldEffects (1.3.2)
  - Typhoon (4.0.2):
    - Typhoon/DeallocNotifier (= 4.0.2)
    - Typhoon/IntrospectionUtils (= 4.0.2)
    - Typhoon/no-arc (= 4.0.2)
  - Typhoon/DeallocNotifier (4.0.2)
  - Typhoon/IntrospectionUtils (4.0.2)
  - Typhoon/no-arc (4.0.2):
    - Typhoon/IntrospectionUtils

DEPENDENCIES:
  - Alamofire (= 4.4)
  - Bond (= 6.2.4)
  - Charts (= 3.0.2)
  - Crashlytics
  - DLRadioButton (~> 1.4)
  - Fabric
  - IHKeyboardAvoiding (= 3.7)
  - KRProgressHUD (= 2.2.2)
  - PagingMenuController
  - SwiftyJSON (= 3.1.4)
  - SwiftyOnboard (= 1.3.3)
  - SwiftyUserDefaults (~> 3.0.0)
  - TextFieldEffects
  - Typhoon

SPEC CHECKSUMS:
  Alamofire: dc44b1600b800eb63da6a19039a0083d62a6a62d
  Bond: c54dc8e6ad4f2d4e3d60c680c25637a7824161df
  Charts: 236d6ccdd0ce6feae151d89e829a7397381a21fd
  Crashlytics: 79e236942ca1e7fc641df1feb9a275360a78ab6a
  Diff: befa1d19c32726b2b36ce915d98793e2fbde8dcc
  DLRadioButton: 7bb8a6e3768b572469ace553391ab4d2af6f9c19
  Fabric: 5911403591946b8228ab1c51d98f1d7137e863c6
  IHKeyboardAvoiding: 4c852fae85667469307678c65f14f5cac8a7be92
  KRProgressHUD: ee25f70e274d1933b2ad0c8583a8552a349ce85d
  PagingMenuController: 6176618987bb170096664f2da097313e45ed9c31
  ReactiveKit: 39a0723167d04107140cf540f04526deecd18891
  SwiftyJSON: c2842d878f95482ffceec5709abc3d05680c0220
  SwiftyOnboard: 349a04c16751c26d63c80ee394e3250b2d023816
  SwiftyUserDefaults: 0f1d45fc3aafb9064dac661e367f8f83fe21a4b4
  TextFieldEffects: 9e5cce561ea39c75b86e9d3637601727a67e8b23
  Typhoon: 05db9d33d798b90c202bf3f754275c03efe93297

PODFILE CHECKSUM: 72a7d453fb78b6d482cbf0d36b3b24f5265ee6a0

COCOAPODS: 1.2.1
