
Microsoft Visual Studio Solution File, Format Version 12.00
# Visual Studio 14
VisualStudioVersion = 14.0.23107.0
MinimumVisualStudioVersion = 10.0.40219.1
Project("{FAE04EC0-301F-11D3-BF4B-00C04F79EFBC}") = "DopplerMobile.Android", "DopplerMobile.Android\DopplerMobile.Android.csproj", "{0169DB04-88C9-4BD2-92C6-FECB633B7FFE}"
EndProject
Project("{FAE04EC0-301F-11D3-BF4B-00C04F79EFBC}") = "DopplerMobile.iOS", "DopplerMobile.iOS\DopplerMobile.iOS.csproj", "{EC65FD51-6215-4DA6-8886-CA6B01F19ADB}"
EndProject
Project("{2150E333-8FDC-42A3-9474-1A3956D46DE8}") = "Android", "Android", "{7CD2D4DD-406A-480F-B27F-1D4C6C963258}"
EndProject
Project("{2150E333-8FDC-42A3-9474-1A3956D46DE8}") = "iOS", "iOS", "{EBBAEE82-BB93-4626-93DC-21B799D18DA3}"
EndProject
Project("{FAE04EC0-301F-11D3-BF4B-00C04F79EFBC}") = "DopplerMobile.Android.UnitTest", "DopplerMobile.Android.UnitTest\DopplerMobile.Android.UnitTest.csproj", "{C0ECE4B1-F763-4597-8C1F-116008A60B22}"
EndProject
Project("{FAE04EC0-301F-11D3-BF4B-00C04F79EFBC}") = "DopplerMobile.iOS.UnitTest", "DopplerMobile.iOS.UnitTest\DopplerMobile.iOS.UnitTest.csproj", "{AED0DAF3-A7D4-4B48-8A05-B5A1B2DCDAEB}"
EndProject
Project("{2150E333-8FDC-42A3-9474-1A3956D46DE8}") = "Shared", "Shared", "{FC2F7461-C7D7-4F4C-AF04-02DD095DEEA0}"
EndProject
Project("{FAE04EC0-301F-11D3-BF4B-00C04F79EFBC}") = "DopplerMobile.Application", "DopplerMobile.Application\DopplerMobile.Application.csproj", "{4FE767B0-70D0-47FD-BD46-B94F04198DE5}"
EndProject
Project("{FAE04EC0-301F-11D3-BF4B-00C04F79EFBC}") = "DopplerMobile.Domain", "DopplerMobile.Domain\DopplerMobile.Domain.csproj", "{13BC1239-CA8E-4382-8CBA-CC63F21DBF72}"
EndProject
Project("{FAE04EC0-301F-11D3-BF4B-00C04F79EFBC}") = "DopplerMobile.Infrastructure", "DopplerMobile.Infrastructure\DopplerMobile.Infrastructure.csproj", "{56224E3C-56C3-406D-8BB8-A5362BE49A40}"
EndProject
Global
	GlobalSection(SolutionConfigurationPlatforms) = preSolution
		Ad-Hoc|Any CPU = Ad-Hoc|Any CPU
		Ad-Hoc|iPhone = Ad-Hoc|iPhone
		Ad-Hoc|iPhoneSimulator = Ad-Hoc|iPhoneSimulator
		AppStore|Any CPU = AppStore|Any CPU
		AppStore|iPhone = AppStore|iPhone
		AppStore|iPhoneSimulator = AppStore|iPhoneSimulator
		Debug|Any CPU = Debug|Any CPU
		Debug|iPhone = Debug|iPhone
		Debug|iPhoneSimulator = Debug|iPhoneSimulator
		Release|Any CPU = Release|Any CPU
		Release|iPhone = Release|iPhone
		Release|iPhoneSimulator = Release|iPhoneSimulator
	EndGlobalSection
	GlobalSection(ProjectConfigurationPlatforms) = postSolution
		{0169DB04-88C9-4BD2-92C6-FECB633B7FFE}.Ad-Hoc|Any CPU.ActiveCfg = Release|Any CPU
		{0169DB04-88C9-4BD2-92C6-FECB633B7FFE}.Ad-Hoc|Any CPU.Build.0 = Release|Any CPU
		{0169DB04-88C9-4BD2-92C6-FECB633B7FFE}.Ad-Hoc|Any CPU.Deploy.0 = Release|Any CPU
		{0169DB04-88C9-4BD2-92C6-FECB633B7FFE}.Ad-Hoc|iPhone.ActiveCfg = Release|Any CPU
		{0169DB04-88C9-4BD2-92C6-FECB633B7FFE}.Ad-Hoc|iPhone.Build.0 = Release|Any CPU
		{0169DB04-88C9-4BD2-92C6-FECB633B7FFE}.Ad-Hoc|iPhone.Deploy.0 = Release|Any CPU
		{0169DB04-88C9-4BD2-92C6-FECB633B7FFE}.Ad-Hoc|iPhoneSimulator.ActiveCfg = Release|Any CPU
		{0169DB04-88C9-4BD2-92C6-FECB633B7FFE}.Ad-Hoc|iPhoneSimulator.Build.0 = Release|Any CPU
		{0169DB04-88C9-4BD2-92C6-FECB633B7FFE}.Ad-Hoc|iPhoneSimulator.Deploy.0 = Release|Any CPU
		{0169DB04-88C9-4BD2-92C6-FECB633B7FFE}.AppStore|Any CPU.ActiveCfg = Release|Any CPU
		{0169DB04-88C9-4BD2-92C6-FECB633B7FFE}.AppStore|Any CPU.Build.0 = Release|Any CPU
		{0169DB04-88C9-4BD2-92C6-FECB633B7FFE}.AppStore|Any CPU.Deploy.0 = Release|Any CPU
		{0169DB04-88C9-4BD2-92C6-FECB633B7FFE}.AppStore|iPhone.ActiveCfg = Release|Any CPU
		{0169DB04-88C9-4BD2-92C6-FECB633B7FFE}.AppStore|iPhone.Build.0 = Release|Any CPU
		{0169DB04-88C9-4BD2-92C6-FECB633B7FFE}.AppStore|iPhone.Deploy.0 = Release|Any CPU
		{0169DB04-88C9-4BD2-92C6-FECB633B7FFE}.AppStore|iPhoneSimulator.ActiveCfg = Release|Any CPU
		{0169DB04-88C9-4BD2-92C6-FECB633B7FFE}.AppStore|iPhoneSimulator.Build.0 = Release|Any CPU
		{0169DB04-88C9-4BD2-92C6-FECB633B7FFE}.AppStore|iPhoneSimulator.Deploy.0 = Release|Any CPU
		{0169DB04-88C9-4BD2-92C6-FECB633B7FFE}.Debug|Any CPU.ActiveCfg = Debug|Any CPU
		{0169DB04-88C9-4BD2-92C6-FECB633B7FFE}.Debug|Any CPU.Build.0 = Debug|Any CPU
		{0169DB04-88C9-4BD2-92C6-FECB633B7FFE}.Debug|Any CPU.Deploy.0 = Debug|Any CPU
		{0169DB04-88C9-4BD2-92C6-FECB633B7FFE}.Debug|iPhone.ActiveCfg = Debug|Any CPU
		{0169DB04-88C9-4BD2-92C6-FECB633B7FFE}.Debug|iPhone.Build.0 = Debug|Any CPU
		{0169DB04-88C9-4BD2-92C6-FECB633B7FFE}.Debug|iPhone.Deploy.0 = Debug|Any CPU
		{0169DB04-88C9-4BD2-92C6-FECB633B7FFE}.Debug|iPhoneSimulator.ActiveCfg = Debug|Any CPU
		{0169DB04-88C9-4BD2-92C6-FECB633B7FFE}.Debug|iPhoneSimulator.Build.0 = Debug|Any CPU
		{0169DB04-88C9-4BD2-92C6-FECB633B7FFE}.Debug|iPhoneSimulator.Deploy.0 = Debug|Any CPU
		{0169DB04-88C9-4BD2-92C6-FECB633B7FFE}.Release|Any CPU.ActiveCfg = Release|Any CPU
		{0169DB04-88C9-4BD2-92C6-FECB633B7FFE}.Release|Any CPU.Build.0 = Release|Any CPU
		{0169DB04-88C9-4BD2-92C6-FECB633B7FFE}.Release|Any CPU.Deploy.0 = Release|Any CPU
		{0169DB04-88C9-4BD2-92C6-FECB633B7FFE}.Release|iPhone.ActiveCfg = Release|Any CPU
		{0169DB04-88C9-4BD2-92C6-FECB633B7FFE}.Release|iPhone.Build.0 = Release|Any CPU
		{0169DB04-88C9-4BD2-92C6-FECB633B7FFE}.Release|iPhone.Deploy.0 = Release|Any CPU
		{0169DB04-88C9-4BD2-92C6-FECB633B7FFE}.Release|iPhoneSimulator.ActiveCfg = Release|Any CPU
		{0169DB04-88C9-4BD2-92C6-FECB633B7FFE}.Release|iPhoneSimulator.Build.0 = Release|Any CPU
		{0169DB04-88C9-4BD2-92C6-FECB633B7FFE}.Release|iPhoneSimulator.Deploy.0 = Release|Any CPU
		{EC65FD51-6215-4DA6-8886-CA6B01F19ADB}.Ad-Hoc|Any CPU.ActiveCfg = Ad-Hoc|iPhone
		{EC65FD51-6215-4DA6-8886-CA6B01F19ADB}.Ad-Hoc|iPhone.ActiveCfg = Ad-Hoc|iPhone
		{EC65FD51-6215-4DA6-8886-CA6B01F19ADB}.Ad-Hoc|iPhone.Build.0 = Ad-Hoc|iPhone
		{EC65FD51-6215-4DA6-8886-CA6B01F19ADB}.Ad-Hoc|iPhoneSimulator.ActiveCfg = Ad-Hoc|iPhoneSimulator
		{EC65FD51-6215-4DA6-8886-CA6B01F19ADB}.Ad-Hoc|iPhoneSimulator.Build.0 = Ad-Hoc|iPhoneSimulator
		{EC65FD51-6215-4DA6-8886-CA6B01F19ADB}.AppStore|Any CPU.ActiveCfg = AppStore|iPhone
		{EC65FD51-6215-4DA6-8886-CA6B01F19ADB}.AppStore|iPhone.ActiveCfg = AppStore|iPhone
		{EC65FD51-6215-4DA6-8886-CA6B01F19ADB}.AppStore|iPhone.Build.0 = AppStore|iPhone
		{EC65FD51-6215-4DA6-8886-CA6B01F19ADB}.AppStore|iPhoneSimulator.ActiveCfg = AppStore|iPhoneSimulator
		{EC65FD51-6215-4DA6-8886-CA6B01F19ADB}.AppStore|iPhoneSimulator.Build.0 = AppStore|iPhoneSimulator
		{EC65FD51-6215-4DA6-8886-CA6B01F19ADB}.Debug|Any CPU.ActiveCfg = Debug|iPhone
		{EC65FD51-6215-4DA6-8886-CA6B01F19ADB}.Debug|iPhone.ActiveCfg = Debug|iPhone
		{EC65FD51-6215-4DA6-8886-CA6B01F19ADB}.Debug|iPhone.Build.0 = Debug|iPhone
		{EC65FD51-6215-4DA6-8886-CA6B01F19ADB}.Debug|iPhoneSimulator.ActiveCfg = Debug|iPhoneSimulator
		{EC65FD51-6215-4DA6-8886-CA6B01F19ADB}.Debug|iPhoneSimulator.Build.0 = Debug|iPhoneSimulator
		{EC65FD51-6215-4DA6-8886-CA6B01F19ADB}.Release|Any CPU.ActiveCfg = Release|iPhone
		{EC65FD51-6215-4DA6-8886-CA6B01F19ADB}.Release|iPhone.ActiveCfg = Release|iPhone
		{EC65FD51-6215-4DA6-8886-CA6B01F19ADB}.Release|iPhone.Build.0 = Release|iPhone
		{EC65FD51-6215-4DA6-8886-CA6B01F19ADB}.Release|iPhoneSimulator.ActiveCfg = Release|iPhoneSimulator
		{EC65FD51-6215-4DA6-8886-CA6B01F19ADB}.Release|iPhoneSimulator.Build.0 = Release|iPhoneSimulator
		{C0ECE4B1-F763-4597-8C1F-116008A60B22}.Ad-Hoc|Any CPU.ActiveCfg = Release|Any CPU
		{C0ECE4B1-F763-4597-8C1F-116008A60B22}.Ad-Hoc|Any CPU.Build.0 = Release|Any CPU
		{C0ECE4B1-F763-4597-8C1F-116008A60B22}.Ad-Hoc|Any CPU.Deploy.0 = Release|Any CPU
		{C0ECE4B1-F763-4597-8C1F-116008A60B22}.Ad-Hoc|iPhone.ActiveCfg = Release|Any CPU
		{C0ECE4B1-F763-4597-8C1F-116008A60B22}.Ad-Hoc|iPhone.Build.0 = Release|Any CPU
		{C0ECE4B1-F763-4597-8C1F-116008A60B22}.Ad-Hoc|iPhone.Deploy.0 = Release|Any CPU
		{C0ECE4B1-F763-4597-8C1F-116008A60B22}.Ad-Hoc|iPhoneSimulator.ActiveCfg = Release|Any CPU
		{C0ECE4B1-F763-4597-8C1F-116008A60B22}.Ad-Hoc|iPhoneSimulator.Build.0 = Release|Any CPU
		{C0ECE4B1-F763-4597-8C1F-116008A60B22}.Ad-Hoc|iPhoneSimulator.Deploy.0 = Release|Any CPU
		{C0ECE4B1-F763-4597-8C1F-116008A60B22}.AppStore|Any CPU.ActiveCfg = Release|Any CPU
		{C0ECE4B1-F763-4597-8C1F-116008A60B22}.AppStore|Any CPU.Build.0 = Release|Any CPU
		{C0ECE4B1-F763-4597-8C1F-116008A60B22}.AppStore|Any CPU.Deploy.0 = Release|Any CPU
		{C0ECE4B1-F763-4597-8C1F-116008A60B22}.AppStore|iPhone.ActiveCfg = Release|Any CPU
		{C0ECE4B1-F763-4597-8C1F-116008A60B22}.AppStore|iPhone.Build.0 = Release|Any CPU
		{C0ECE4B1-F763-4597-8C1F-116008A60B22}.AppStore|iPhone.Deploy.0 = Release|Any CPU
		{C0ECE4B1-F763-4597-8C1F-116008A60B22}.AppStore|iPhoneSimulator.ActiveCfg = Release|Any CPU
		{C0ECE4B1-F763-4597-8C1F-116008A60B22}.AppStore|iPhoneSimulator.Build.0 = Release|Any CPU
		{C0ECE4B1-F763-4597-8C1F-116008A60B22}.AppStore|iPhoneSimulator.Deploy.0 = Release|Any CPU
		{C0ECE4B1-F763-4597-8C1F-116008A60B22}.Debug|Any CPU.ActiveCfg = Debug|Any CPU
		{C0ECE4B1-F763-4597-8C1F-116008A60B22}.Debug|Any CPU.Build.0 = Debug|Any CPU
		{C0ECE4B1-F763-4597-8C1F-116008A60B22}.Debug|Any CPU.Deploy.0 = Debug|Any CPU
		{C0ECE4B1-F763-4597-8C1F-116008A60B22}.Debug|iPhone.ActiveCfg = Debug|Any CPU
		{C0ECE4B1-F763-4597-8C1F-116008A60B22}.Debug|iPhone.Build.0 = Debug|Any CPU
		{C0ECE4B1-F763-4597-8C1F-116008A60B22}.Debug|iPhone.Deploy.0 = Debug|Any CPU
		{C0ECE4B1-F763-4597-8C1F-116008A60B22}.Debug|iPhoneSimulator.ActiveCfg = Debug|Any CPU
		{C0ECE4B1-F763-4597-8C1F-116008A60B22}.Debug|iPhoneSimulator.Build.0 = Debug|Any CPU
		{C0ECE4B1-F763-4597-8C1F-116008A60B22}.Debug|iPhoneSimulator.Deploy.0 = Debug|Any CPU
		{C0ECE4B1-F763-4597-8C1F-116008A60B22}.Release|Any CPU.ActiveCfg = Release|Any CPU
		{C0ECE4B1-F763-4597-8C1F-116008A60B22}.Release|Any CPU.Build.0 = Release|Any CPU
		{C0ECE4B1-F763-4597-8C1F-116008A60B22}.Release|Any CPU.Deploy.0 = Release|Any CPU
		{C0ECE4B1-F763-4597-8C1F-116008A60B22}.Release|iPhone.ActiveCfg = Release|Any CPU
		{C0ECE4B1-F763-4597-8C1F-116008A60B22}.Release|iPhone.Build.0 = Release|Any CPU
		{C0ECE4B1-F763-4597-8C1F-116008A60B22}.Release|iPhone.Deploy.0 = Release|Any CPU
		{C0ECE4B1-F763-4597-8C1F-116008A60B22}.Release|iPhoneSimulator.ActiveCfg = Release|Any CPU
		{C0ECE4B1-F763-4597-8C1F-116008A60B22}.Release|iPhoneSimulator.Build.0 = Release|Any CPU
		{C0ECE4B1-F763-4597-8C1F-116008A60B22}.Release|iPhoneSimulator.Deploy.0 = Release|Any CPU
		{AED0DAF3-A7D4-4B48-8A05-B5A1B2DCDAEB}.Ad-Hoc|Any CPU.ActiveCfg = Ad-Hoc|iPhone
		{AED0DAF3-A7D4-4B48-8A05-B5A1B2DCDAEB}.Ad-Hoc|iPhone.ActiveCfg = Ad-Hoc|iPhone
		{AED0DAF3-A7D4-4B48-8A05-B5A1B2DCDAEB}.Ad-Hoc|iPhone.Build.0 = Ad-Hoc|iPhone
		{AED0DAF3-A7D4-4B48-8A05-B5A1B2DCDAEB}.Ad-Hoc|iPhoneSimulator.ActiveCfg = Ad-Hoc|iPhoneSimulator
		{AED0DAF3-A7D4-4B48-8A05-B5A1B2DCDAEB}.Ad-Hoc|iPhoneSimulator.Build.0 = Ad-Hoc|iPhoneSimulator
		{AED0DAF3-A7D4-4B48-8A05-B5A1B2DCDAEB}.AppStore|Any CPU.ActiveCfg = AppStore|iPhone
		{AED0DAF3-A7D4-4B48-8A05-B5A1B2DCDAEB}.AppStore|iPhone.ActiveCfg = AppStore|iPhone
		{AED0DAF3-A7D4-4B48-8A05-B5A1B2DCDAEB}.AppStore|iPhone.Build.0 = AppStore|iPhone
		{AED0DAF3-A7D4-4B48-8A05-B5A1B2DCDAEB}.AppStore|iPhoneSimulator.ActiveCfg = AppStore|iPhoneSimulator
		{AED0DAF3-A7D4-4B48-8A05-B5A1B2DCDAEB}.AppStore|iPhoneSimulator.Build.0 = AppStore|iPhoneSimulator
		{AED0DAF3-A7D4-4B48-8A05-B5A1B2DCDAEB}.Debug|Any CPU.ActiveCfg = Debug|iPhone
		{AED0DAF3-A7D4-4B48-8A05-B5A1B2DCDAEB}.Debug|iPhone.ActiveCfg = Debug|iPhone
		{AED0DAF3-A7D4-4B48-8A05-B5A1B2DCDAEB}.Debug|iPhone.Build.0 = Debug|iPhone
		{AED0DAF3-A7D4-4B48-8A05-B5A1B2DCDAEB}.Debug|iPhoneSimulator.ActiveCfg = Debug|iPhoneSimulator
		{AED0DAF3-A7D4-4B48-8A05-B5A1B2DCDAEB}.Debug|iPhoneSimulator.Build.0 = Debug|iPhoneSimulator
		{AED0DAF3-A7D4-4B48-8A05-B5A1B2DCDAEB}.Release|Any CPU.ActiveCfg = Release|iPhone
		{AED0DAF3-A7D4-4B48-8A05-B5A1B2DCDAEB}.Release|iPhone.ActiveCfg = Release|iPhone
		{AED0DAF3-A7D4-4B48-8A05-B5A1B2DCDAEB}.Release|iPhone.Build.0 = Release|iPhone
		{AED0DAF3-A7D4-4B48-8A05-B5A1B2DCDAEB}.Release|iPhoneSimulator.ActiveCfg = Release|iPhoneSimulator
		{AED0DAF3-A7D4-4B48-8A05-B5A1B2DCDAEB}.Release|iPhoneSimulator.Build.0 = Release|iPhoneSimulator
		{4FE767B0-70D0-47FD-BD46-B94F04198DE5}.Ad-Hoc|Any CPU.ActiveCfg = Release|Any CPU
		{4FE767B0-70D0-47FD-BD46-B94F04198DE5}.Ad-Hoc|Any CPU.Build.0 = Release|Any CPU
		{4FE767B0-70D0-47FD-BD46-B94F04198DE5}.Ad-Hoc|iPhone.ActiveCfg = Release|Any CPU
		{4FE767B0-70D0-47FD-BD46-B94F04198DE5}.Ad-Hoc|iPhone.Build.0 = Release|Any CPU
		{4FE767B0-70D0-47FD-BD46-B94F04198DE5}.Ad-Hoc|iPhoneSimulator.ActiveCfg = Release|Any CPU
		{4FE767B0-70D0-47FD-BD46-B94F04198DE5}.Ad-Hoc|iPhoneSimulator.Build.0 = Release|Any CPU
		{4FE767B0-70D0-47FD-BD46-B94F04198DE5}.AppStore|Any CPU.ActiveCfg = Release|Any CPU
		{4FE767B0-70D0-47FD-BD46-B94F04198DE5}.AppStore|Any CPU.Build.0 = Release|Any CPU
		{4FE767B0-70D0-47FD-BD46-B94F04198DE5}.AppStore|iPhone.ActiveCfg = Release|Any CPU
		{4FE767B0-70D0-47FD-BD46-B94F04198DE5}.AppStore|iPhone.Build.0 = Release|Any CPU
		{4FE767B0-70D0-47FD-BD46-B94F04198DE5}.AppStore|iPhoneSimulator.ActiveCfg = Release|Any CPU
		{4FE767B0-70D0-47FD-BD46-B94F04198DE5}.AppStore|iPhoneSimulator.Build.0 = Release|Any CPU
		{4FE767B0-70D0-47FD-BD46-B94F04198DE5}.Debug|Any CPU.ActiveCfg = Debug|Any CPU
		{4FE767B0-70D0-47FD-BD46-B94F04198DE5}.Debug|Any CPU.Build.0 = Debug|Any CPU
		{4FE767B0-70D0-47FD-BD46-B94F04198DE5}.Debug|iPhone.ActiveCfg = Debug|Any CPU
		{4FE767B0-70D0-47FD-BD46-B94F04198DE5}.Debug|iPhone.Build.0 = Debug|Any CPU
		{4FE767B0-70D0-47FD-BD46-B94F04198DE5}.Debug|iPhoneSimulator.ActiveCfg = Debug|Any CPU
		{4FE767B0-70D0-47FD-BD46-B94F04198DE5}.Debug|iPhoneSimulator.Build.0 = Debug|Any CPU
		{4FE767B0-70D0-47FD-BD46-B94F04198DE5}.Release|Any CPU.ActiveCfg = Release|Any CPU
		{4FE767B0-70D0-47FD-BD46-B94F04198DE5}.Release|Any CPU.Build.0 = Release|Any CPU
		{4FE767B0-70D0-47FD-BD46-B94F04198DE5}.Release|iPhone.ActiveCfg = Release|Any CPU
		{4FE767B0-70D0-47FD-BD46-B94F04198DE5}.Release|iPhone.Build.0 = Release|Any CPU
		{4FE767B0-70D0-47FD-BD46-B94F04198DE5}.Release|iPhoneSimulator.ActiveCfg = Release|Any CPU
		{4FE767B0-70D0-47FD-BD46-B94F04198DE5}.Release|iPhoneSimulator.Build.0 = Release|Any CPU
		{13BC1239-CA8E-4382-8CBA-CC63F21DBF72}.Ad-Hoc|Any CPU.ActiveCfg = Release|Any CPU
		{13BC1239-CA8E-4382-8CBA-CC63F21DBF72}.Ad-Hoc|Any CPU.Build.0 = Release|Any CPU
		{13BC1239-CA8E-4382-8CBA-CC63F21DBF72}.Ad-Hoc|iPhone.ActiveCfg = Release|Any CPU
		{13BC1239-CA8E-4382-8CBA-CC63F21DBF72}.Ad-Hoc|iPhone.Build.0 = Release|Any CPU
		{13BC1239-CA8E-4382-8CBA-CC63F21DBF72}.Ad-Hoc|iPhoneSimulator.ActiveCfg = Release|Any CPU
		{13BC1239-CA8E-4382-8CBA-CC63F21DBF72}.Ad-Hoc|iPhoneSimulator.Build.0 = Release|Any CPU
		{13BC1239-CA8E-4382-8CBA-CC63F21DBF72}.AppStore|Any CPU.ActiveCfg = Release|Any CPU
		{13BC1239-CA8E-4382-8CBA-CC63F21DBF72}.AppStore|Any CPU.Build.0 = Release|Any CPU
		{13BC1239-CA8E-4382-8CBA-CC63F21DBF72}.AppStore|iPhone.ActiveCfg = Release|Any CPU
		{13BC1239-CA8E-4382-8CBA-CC63F21DBF72}.AppStore|iPhone.Build.0 = Release|Any CPU
		{13BC1239-CA8E-4382-8CBA-CC63F21DBF72}.AppStore|iPhoneSimulator.ActiveCfg = Release|Any CPU
		{13BC1239-CA8E-4382-8CBA-CC63F21DBF72}.AppStore|iPhoneSimulator.Build.0 = Release|Any CPU
		{13BC1239-CA8E-4382-8CBA-CC63F21DBF72}.Debug|Any CPU.ActiveCfg = Debug|Any CPU
		{13BC1239-CA8E-4382-8CBA-CC63F21DBF72}.Debug|Any CPU.Build.0 = Debug|Any CPU
		{13BC1239-CA8E-4382-8CBA-CC63F21DBF72}.Debug|iPhone.ActiveCfg = Debug|Any CPU
		{13BC1239-CA8E-4382-8CBA-CC63F21DBF72}.Debug|iPhone.Build.0 = Debug|Any CPU
		{13BC1239-CA8E-4382-8CBA-CC63F21DBF72}.Debug|iPhoneSimulator.ActiveCfg = Debug|Any CPU
		{13BC1239-CA8E-4382-8CBA-CC63F21DBF72}.Debug|iPhoneSimulator.Build.0 = Debug|Any CPU
		{13BC1239-CA8E-4382-8CBA-CC63F21DBF72}.Release|Any CPU.ActiveCfg = Release|Any CPU
		{13BC1239-CA8E-4382-8CBA-CC63F21DBF72}.Release|Any CPU.Build.0 = Release|Any CPU
		{13BC1239-CA8E-4382-8CBA-CC63F21DBF72}.Release|iPhone.ActiveCfg = Release|Any CPU
		{13BC1239-CA8E-4382-8CBA-CC63F21DBF72}.Release|iPhone.Build.0 = Release|Any CPU
		{13BC1239-CA8E-4382-8CBA-CC63F21DBF72}.Release|iPhoneSimulator.ActiveCfg = Release|Any CPU
		{13BC1239-CA8E-4382-8CBA-CC63F21DBF72}.Release|iPhoneSimulator.Build.0 = Release|Any CPU
		{56224E3C-56C3-406D-8BB8-A5362BE49A40}.Ad-Hoc|Any CPU.ActiveCfg = Release|Any CPU
		{56224E3C-56C3-406D-8BB8-A5362BE49A40}.Ad-Hoc|Any CPU.Build.0 = Release|Any CPU
		{56224E3C-56C3-406D-8BB8-A5362BE49A40}.Ad-Hoc|iPhone.ActiveCfg = Release|Any CPU
		{56224E3C-56C3-406D-8BB8-A5362BE49A40}.Ad-Hoc|iPhone.Build.0 = Release|Any CPU
		{56224E3C-56C3-406D-8BB8-A5362BE49A40}.Ad-Hoc|iPhoneSimulator.ActiveCfg = Release|Any CPU
		{56224E3C-56C3-406D-8BB8-A5362BE49A40}.Ad-Hoc|iPhoneSimulator.Build.0 = Release|Any CPU
		{56224E3C-56C3-406D-8BB8-A5362BE49A40}.AppStore|Any CPU.ActiveCfg = Release|Any CPU
		{56224E3C-56C3-406D-8BB8-A5362BE49A40}.AppStore|Any CPU.Build.0 = Release|Any CPU
		{56224E3C-56C3-406D-8BB8-A5362BE49A40}.AppStore|iPhone.ActiveCfg = Release|Any CPU
		{56224E3C-56C3-406D-8BB8-A5362BE49A40}.AppStore|iPhone.Build.0 = Release|Any CPU
		{56224E3C-56C3-406D-8BB8-A5362BE49A40}.AppStore|iPhoneSimulator.ActiveCfg = Release|Any CPU
		{56224E3C-56C3-406D-8BB8-A5362BE49A40}.AppStore|iPhoneSimulator.Build.0 = Release|Any CPU
		{56224E3C-56C3-406D-8BB8-A5362BE49A40}.Debug|Any CPU.ActiveCfg = Debug|Any CPU
		{56224E3C-56C3-406D-8BB8-A5362BE49A40}.Debug|Any CPU.Build.0 = Debug|Any CPU
		{56224E3C-56C3-406D-8BB8-A5362BE49A40}.Debug|iPhone.ActiveCfg = Debug|Any CPU
		{56224E3C-56C3-406D-8BB8-A5362BE49A40}.Debug|iPhone.Build.0 = Debug|Any CPU
		{56224E3C-56C3-406D-8BB8-A5362BE49A40}.Debug|iPhoneSimulator.ActiveCfg = Debug|Any CPU
		{56224E3C-56C3-406D-8BB8-A5362BE49A40}.Debug|iPhoneSimulator.Build.0 = Debug|Any CPU
		{56224E3C-56C3-406D-8BB8-A5362BE49A40}.Release|Any CPU.ActiveCfg = Release|Any CPU
		{56224E3C-56C3-406D-8BB8-A5362BE49A40}.Release|Any CPU.Build.0 = Release|Any CPU
		{56224E3C-56C3-406D-8BB8-A5362BE49A40}.Release|iPhone.ActiveCfg = Release|Any CPU
		{56224E3C-56C3-406D-8BB8-A5362BE49A40}.Release|iPhone.Build.0 = Release|Any CPU
		{56224E3C-56C3-406D-8BB8-A5362BE49A40}.Release|iPhoneSimulator.ActiveCfg = Release|Any CPU
		{56224E3C-56C3-406D-8BB8-A5362BE49A40}.Release|iPhoneSimulator.Build.0 = Release|Any CPU
	EndGlobalSection
	GlobalSection(SolutionProperties) = preSolution
		HideSolutionNode = FALSE
	EndGlobalSection
	GlobalSection(NestedProjects) = preSolution
		{0169DB04-88C9-4BD2-92C6-FECB633B7FFE} = {7CD2D4DD-406A-480F-B27F-1D4C6C963258}
		{EC65FD51-6215-4DA6-8886-CA6B01F19ADB} = {EBBAEE82-BB93-4626-93DC-21B799D18DA3}
		{C0ECE4B1-F763-4597-8C1F-116008A60B22} = {7CD2D4DD-406A-480F-B27F-1D4C6C963258}
		{AED0DAF3-A7D4-4B48-8A05-B5A1B2DCDAEB} = {EBBAEE82-BB93-4626-93DC-21B799D18DA3}
		{4FE767B0-70D0-47FD-BD46-B94F04198DE5} = {FC2F7461-C7D7-4F4C-AF04-02DD095DEEA0}
		{13BC1239-CA8E-4382-8CBA-CC63F21DBF72} = {FC2F7461-C7D7-4F4C-AF04-02DD095DEEA0}
		{56224E3C-56C3-406D-8BB8-A5362BE49A40} = {FC2F7461-C7D7-4F4C-AF04-02DD095DEEA0}
	EndGlobalSection
EndGlobal
